// !$*UTF8*$!
{
	archiveVersion = 1;
	classes = {
	};
	objectVersion = 45;
	objects = {

/* Begin PBXBuildFile section */
		3DFF36A312D9DD380091917D /* FxpSystem.cpp in Sources */ = {isa = PBXBuildFile; fileRef = 3DFF36A212D9DD380091917D /* FxpSystem.cpp */; };
		3DFF36AC12D9E5040091917D /* FtpCommand.cpp in Sources */ = {isa = PBXBuildFile; fileRef = 3DFF36AB12D9E5040091917D /* FtpCommand.cpp */; };
		3DFF372712D9EFAE0091917D /* FtpSession.cpp in Sources */ = {isa = PBXBuildFile; fileRef = 3DFF372612D9EFAE0091917D /* FtpSession.cpp */; };
		79A0B46412D8A84E00867986 /* libssl.dylib in Frameworks */ = {isa = PBXBuildFile; fileRef = 79A0B46312D8A84E00867986 /* libssl.dylib */; };
		79A0B46612D8A85E00867986 /* libcrypto.dylib in Frameworks */ = {isa = PBXBuildFile; fileRef = 79A0B46512D8A85E00867986 /* libcrypto.dylib */; };
		79DF8AC512D8DBC000503E2B /* tcp.cc in Sources */ = {isa = PBXBuildFile; fileRef = 79DF8AC112D8DBC000503E2B /* tcp.cc */; };
		79DF8AC612D8DBC000503E2B /* tlsutil.cc in Sources */ = {isa = PBXBuildFile; fileRef = 79DF8AC312D8DBC000503E2B /* tlsutil.cc */; };
		8DD76F650486A84900D96B5E /* main.cpp in Sources */ = {isa = PBXBuildFile; fileRef = 08FB7796FE84155DC02AAC07 /* main.cpp */; settings = {ATTRIBUTES = (); }; };
		8DD76F6A0486A84900D96B5E /* pftp_basic.1 in CopyFiles */ = {isa = PBXBuildFile; fileRef = C6859E8B029090EE04C91782 /* pftp_basic.1 */; };
/* End PBXBuildFile section */

/* Begin PBXCopyFilesBuildPhase section */
		8DD76F690486A84900D96B5E /* CopyFiles */ = {
			isa = PBXCopyFilesBuildPhase;
			buildActionMask = 8;
			dstPath = /usr/share/man/man1/;
			dstSubfolderSpec = 0;
			files = (
				8DD76F6A0486A84900D96B5E /* pftp_basic.1 in CopyFiles */,
			);
			runOnlyForDeploymentPostprocessing = 1;
		};
/* End PBXCopyFilesBuildPhase section */

/* Begin PBXFileReference section */
		08FB7796FE84155DC02AAC07 /* main.cpp */ = {isa = PBXFileReference; fileEncoding = 4; lastKnownFileType = sourcecode.cpp.cpp; path = main.cpp; sourceTree = "<group>"; };
		3DFF36A112D9DD380091917D /* FxpSystem.h */ = {isa = PBXFileReference; fileEncoding = 4; lastKnownFileType = sourcecode.c.h; path = FxpSystem.h; sourceTree = "<group>"; };
		3DFF36A212D9DD380091917D /* FxpSystem.cpp */ = {isa = PBXFileReference; fileEncoding = 4; lastKnownFileType = sourcecode.cpp.cpp; path = FxpSystem.cpp; sourceTree = "<group>"; };
		3DFF36AA12D9E5040091917D /* FtpCommand.h */ = {isa = PBXFileReference; fileEncoding = 4; lastKnownFileType = sourcecode.c.h; path = FtpCommand.h; sourceTree = "<group>"; };
		3DFF36AB12D9E5040091917D /* FtpCommand.cpp */ = {isa = PBXFileReference; fileEncoding = 4; lastKnownFileType = sourcecode.cpp.cpp; path = FtpCommand.cpp; sourceTree = "<group>"; };
		3DFF372512D9EFAE0091917D /* FtpSession.h */ = {isa = PBXFileReference; fileEncoding = 4; lastKnownFileType = sourcecode.c.h; path = FtpSession.h; sourceTree = "<group>"; };
		3DFF372612D9EFAE0091917D /* FtpSession.cpp */ = {isa = PBXFileReference; fileEncoding = 4; lastKnownFileType = sourcecode.cpp.cpp; path = FtpSession.cpp; sourceTree = "<group>"; };
		79A0B46312D8A84E00867986 /* libssl.dylib */ = {isa = PBXFileReference; lastKnownFileType = "compiled.mach-o.dylib"; name = libssl.dylib; path = usr/lib/libssl.dylib; sourceTree = SDKROOT; };
		79A0B46512D8A85E00867986 /* libcrypto.dylib */ = {isa = PBXFileReference; lastKnownFileType = "compiled.mach-o.dylib"; name = libcrypto.dylib; path = usr/lib/libcrypto.dylib; sourceTree = SDKROOT; };
		79DF8AC012D8DBC000503E2B /* defines.h */ = {isa = PBXFileReference; fileEncoding = 4; lastKnownFileType = sourcecode.c.h; path = defines.h; sourceTree = "<group>"; };
		79DF8AC112D8DBC000503E2B /* tcp.cc */ = {isa = PBXFileReference; fileEncoding = 4; lastKnownFileType = sourcecode.cpp.cpp; path = tcp.cc; sourceTree = "<group>"; };
		79DF8AC212D8DBC000503E2B /* tcp.h */ = {isa = PBXFileReference; fileEncoding = 4; lastKnownFileType = sourcecode.c.h; path = tcp.h; sourceTree = "<group>"; };
		79DF8AC312D8DBC000503E2B /* tlsutil.cc */ = {isa = PBXFileReference; fileEncoding = 4; lastKnownFileType = sourcecode.cpp.cpp; path = tlsutil.cc; sourceTree = "<group>"; };
		79DF8AC412D8DBC000503E2B /* tlsutil.h */ = {isa = PBXFileReference; fileEncoding = 4; lastKnownFileType = sourcecode.c.h; path = tlsutil.h; sourceTree = "<group>"; };
		8DD76F6C0486A84900D96B5E /* pftp_basic */ = {isa = PBXFileReference; explicitFileType = "compiled.mach-o.executable"; includeInIndex = 0; path = pftp_basic; sourceTree = BUILT_PRODUCTS_DIR; };
		C6859E8B029090EE04C91782 /* pftp_basic.1 */ = {isa = PBXFileReference; lastKnownFileType = text.man; path = pftp_basic.1; sourceTree = "<group>"; };
/* End PBXFileReference section */

/* Begin PBXFrameworksBuildPhase section */
		8DD76F660486A84900D96B5E /* Frameworks */ = {
			isa = PBXFrameworksBuildPhase;
			buildActionMask = 2147483647;
			files = (
				79A0B46412D8A84E00867986 /* libssl.dylib in Frameworks */,
				79A0B46612D8A85E00867986 /* libcrypto.dylib in Frameworks */,
			);
			runOnlyForDeploymentPostprocessing = 0;
		};
/* End PBXFrameworksBuildPhase section */

/* Begin PBXGroup section */
		08FB7794FE84155DC02AAC07 /* pftp_basic */ = {
			isa = PBXGroup;
			children = (
				08FB7795FE84155DC02AAC07 /* Source */,
				C6859E8C029090F304C91782 /* Documentation */,
				1AB674ADFE9D54B511CA2CBB /* Products */,
				79A0B46312D8A84E00867986 /* libssl.dylib */,
				79A0B46512D8A85E00867986 /* libcrypto.dylib */,
			);
			name = pftp_basic;
			sourceTree = "<group>";
		};
		08FB7795FE84155DC02AAC07 /* Source */ = {
			isa = PBXGroup;
			children = (
				79DF8AC012D8DBC000503E2B /* defines.h */,
				79DF8AC112D8DBC000503E2B /* tcp.cc */,
				79DF8AC212D8DBC000503E2B /* tcp.h */,
				79DF8AC312D8DBC000503E2B /* tlsutil.cc */,
				79DF8AC412D8DBC000503E2B /* tlsutil.h */,
				08FB7796FE84155DC02AAC07 /* main.cpp */,
				3DFF36A112D9DD380091917D /* FxpSystem.h */,
				3DFF36A212D9DD380091917D /* FxpSystem.cpp */,
				3DFF36AA12D9E5040091917D /* FtpCommand.h */,
				3DFF36AB12D9E5040091917D /* FtpCommand.cpp */,
				3DFF372512D9EFAE0091917D /* FtpSession.h */,
				3DFF372612D9EFAE0091917D /* FtpSession.cpp */,
			);
			name = Source;
			sourceTree = "<group>";
		};
		1AB674ADFE9D54B511CA2CBB /* Products */ = {
			isa = PBXGroup;
			children = (
				8DD76F6C0486A84900D96B5E /* pftp_basic */,
			);
			name = Products;
			sourceTree = "<group>";
		};
		C6859E8C029090F304C91782 /* Documentation */ = {
			isa = PBXGroup;
			children = (
				C6859E8B029090EE04C91782 /* pftp_basic.1 */,
			);
			name = Documentation;
			sourceTree = "<group>";
		};
/* End PBXGroup section */

/* Begin PBXNativeTarget section */
		8DD76F620486A84900D96B5E /* pftp_basic */ = {
			isa = PBXNativeTarget;
			buildConfigurationList = 1DEB923108733DC60010E9CD /* Build configuration list for PBXNativeTarget "pftp_basic" */;
			buildPhases = (
				8DD76F640486A84900D96B5E /* Sources */,
				8DD76F660486A84900D96B5E /* Frameworks */,
				8DD76F690486A84900D96B5E /* CopyFiles */,
			);
			buildRules = (
			);
			dependencies = (
			);
			name = pftp_basic;
			productInstallPath = "$(HOME)/bin";
			productName = pftp_basic;
			productReference = 8DD76F6C0486A84900D96B5E /* pftp_basic */;
			productType = "com.apple.product-type.tool";
		};
/* End PBXNativeTarget section */

/* Begin PBXProject section */
		08FB7793FE84155DC02AAC07 /* Project object */ = {
			isa = PBXProject;
			buildConfigurationList = 1DEB923508733DC60010E9CD /* Build configuration list for PBXProject "pftp_basic" */;
			compatibilityVersion = "Xcode 3.1";
			hasScannedForEncodings = 1;
			mainGroup = 08FB7794FE84155DC02AAC07 /* pftp_basic */;
			projectDirPath = "";
			projectRoot = "";
			targets = (
				8DD76F620486A84900D96B5E /* pftp_basic */,
			);
		};
/* End PBXProject section */

/* Begin PBXSourcesBuildPhase section */
		8DD76F640486A84900D96B5E /* Sources */ = {
			isa = PBXSourcesBuildPhase;
			buildActionMask = 2147483647;
			files = (
				8DD76F650486A84900D96B5E /* main.cpp in Sources */,
				79DF8AC512D8DBC000503E2B /* tcp.cc in Sources */,
				79DF8AC612D8DBC000503E2B /* tlsutil.cc in Sources */,
				3DFF36A312D9DD380091917D /* FxpSystem.cpp in Sources */,
				3DFF36AC12D9E5040091917D /* FtpCommand.cpp in Sources */,
				3DFF372712D9EFAE0091917D /* FtpSession.cpp in Sources */,
			);
			runOnlyForDeploymentPostprocessing = 0;
		};
/* End PBXSourcesBuildPhase section */

/* Begin XCBuildConfiguration section */
		1DEB923208733DC60010E9CD /* Debug */ = {
			isa = XCBuildConfiguration;
			buildSettings = {
				ALWAYS_SEARCH_USER_PATHS = NO;
				COPY_PHASE_STRIP = NO;
				GCC_DYNAMIC_NO_PIC = NO;
				GCC_ENABLE_FIX_AND_CONTINUE = YES;
				GCC_MODEL_TUNING = G5;
				GCC_OPTIMIZATION_LEVEL = 0;
				INSTALL_PATH = /usr/local/bin;
				PRODUCT_NAME = pftp_basic;
			};
			name = Debug;
		};
		1DEB923308733DC60010E9CD /* Release */ = {
			isa = XCBuildConfiguration;
			buildSettings = {
				ALWAYS_SEARCH_USER_PATHS = NO;
				DEBUG_INFORMATION_FORMAT = "dwarf-with-dsym";
				GCC_MODEL_TUNING = G5;
				INSTALL_PATH = /usr/local/bin;
				PRODUCT_NAME = pftp_basic;
			};
			name = Release;
		};
		1DEB923608733DC60010E9CD /* Debug */ = {
			isa = XCBuildConfiguration;
			buildSettings = {
				ARCHS = "$(ARCHS_STANDARD_32_64_BIT)";
				GCC_C_LANGUAGE_STANDARD = gnu99;
				GCC_OPTIMIZATION_LEVEL = 0;
				GCC_WARN_ABOUT_RETURN_TYPE = YES;
				GCC_WARN_UNUSED_VARIABLE = YES;
				ONLY_ACTIVE_ARCH = YES;
				PREBINDING = NO;
				SDKROOT = macosx10.6;
			};
			name = Debug;
		};
		1DEB923708733DC60010E9CD /* Release */ = {
			isa = XCBuildConfiguration;
			buildSettings = {
				ARCHS = "$(ARCHS_STANDARD_32_64_BIT)";
				GCC_C_LANGUAGE_STANDARD = gnu99;
				GCC_WARN_ABOUT_RETURN_TYPE = YES;
				GCC_WARN_UNUSED_VARIABLE = YES;
				PREBINDING = NO;
				SDKROOT = macosx10.6;
			};
			name = Release;
		};
/* End XCBuildConfiguration section */

/* Begin XCConfigurationList section */
		1DEB923108733DC60010E9CD /* Build configuration list for PBXNativeTarget "pftp_basic" */ = {
			isa = XCConfigurationList;
			buildConfigurations = (
				1DEB923208733DC60010E9CD /* Debug */,
				1DEB923308733DC60010E9CD /* Release */,
			);
			defaultConfigurationIsVisible = 0;
			defaultConfigurationName = Release;
		};
		1DEB923508733DC60010E9CD /* Build configuration list for PBXProject "pftp_basic" */ = {
			isa = XCConfigurationList;
			buildConfigurations = (
				1DEB923608733DC60010E9CD /* Debug */,
				1DEB923708733DC60010E9CD /* Release */,
			);
			defaultConfigurationIsVisible = 0;
			defaultConfigurationName = Release;
		};
/* End XCConfigurationList section */
	};
	rootObject = 08FB7793FE84155DC02AAC07 /* Project object */;
}
